
Microsoft Visual Studio Solution File, Format Version 12.00
# Visual Studio Version 17
VisualStudioVersion = 17.0.31903.59
MinimumVisualStudioVersion = 10.0.40219.1
Project("{FAE04EC0-301F-11D3-BF4B-00C04F79EFBC}") = "PlayerManagerMVC", "PlayerManagerMVC\PlayerManagerMVC.csproj", "{CEA50D9D-A1BB-4AE8-93B6-80DA5D55220A}"
EndProject
Project("{FAE04EC0-301F-11D3-BF4B-00C04F79EFBC}") = "GuessTheNumber", "GuessTheNumber\GuessTheNumber.csproj", "{586B6D80-F0FF-4678-B0EB-1802EFE69845}"
EndProject
Global
	GlobalSection(SolutionConfigurationPlatforms) = preSolution
		Debug|Any CPU = Debug|Any CPU
		Release|Any CPU = Release|Any CPU
	EndGlobalSection
	GlobalSection(SolutionProperties) = preSolution
		HideSolutionNode = FALSE
	EndGlobalSection
	GlobalSection(ProjectConfigurationPlatforms) = postSolution
		{CEA50D9D-A1BB-4AE8-93B6-80DA5D55220A}.Debug|Any CPU.ActiveCfg = Debug|Any CPU
		{CEA50D9D-A1BB-4AE8-93B6-80DA5D55220A}.Debug|Any CPU.Build.0 = Debug|Any CPU
		{CEA50D9D-A1BB-4AE8-93B6-80DA5D55220A}.Release|Any CPU.ActiveCfg = Release|Any CPU
		{CEA50D9D-A1BB-4AE8-93B6-80DA5D55220A}.Release|Any CPU.Build.0 = Release|Any CPU
		{586B6D80-F0FF-4678-B0EB-1802EFE69845}.Debug|Any CPU.ActiveCfg = Debug|Any CPU
		{586B6D80-F0FF-4678-B0EB-1802EFE69845}.Debug|Any CPU.Build.0 = Debug|Any CPU
		{586B6D80-F0FF-4678-B0EB-1802EFE69845}.Release|Any CPU.ActiveCfg = Release|Any CPU
		{586B6D80-F0FF-4678-B0EB-1802EFE69845}.Release|Any CPU.Build.0 = Release|Any CPU
	EndGlobalSection
EndGlobal
